
Microsoft Visual Studio Solution File, Format Version 12.00
# Visual Studio Version 16
VisualStudioVersion = 16.0.29509.3
MinimumVisualStudioVersion = 10.0.40219.1
Project("{2150E333-8FDC-42A3-9474-1A3956D46DE8}") = "src", "src", "{8A757DCE-3718-4873-9ECE-C3E2279A41CF}"
EndProject
Project("{9A19103F-16F7-4668-BE54-9A1E7A4F7556}") = "ReusableServices.Common", "src\ReusableServices.Common\ReusableServices.Common.csproj", "{1F4CB2DA-A23F-46F6-9924-0EB26B09E488}"
EndProject
Global
	GlobalSection(SolutionConfigurationPlatforms) = preSolution
		Debug|Any CPU = Debug|Any CPU
		Release|Any CPU = Release|Any CPU
	EndGlobalSection
	GlobalSection(ProjectConfigurationPlatforms) = postSolution
		{1F4CB2DA-A23F-46F6-9924-0EB26B09E488}.Debug|Any CPU.ActiveCfg = Debug|Any CPU
		{1F4CB2DA-A23F-46F6-9924-0EB26B09E488}.Debug|Any CPU.Build.0 = Debug|Any CPU
		{1F4CB2DA-A23F-46F6-9924-0EB26B09E488}.Release|Any CPU.ActiveCfg = Release|Any CPU
		{1F4CB2DA-A23F-46F6-9924-0EB26B09E488}.Release|Any CPU.Build.0 = Release|Any CPU
	EndGlobalSection
	GlobalSection(SolutionProperties) = preSolution
		HideSolutionNode = FALSE
	EndGlobalSection
	GlobalSection(NestedProjects) = preSolution
		{1F4CB2DA-A23F-46F6-9924-0EB26B09E488} = {8A757DCE-3718-4873-9ECE-C3E2279A41CF}
	EndGlobalSection
	GlobalSection(ExtensibilityGlobals) = postSolution
		SolutionGuid = {1D6902D0-F9D5-484C-AC57-3D5221D5E8D6}
	EndGlobalSection
EndGlobal
